
Microsoft Visual Studio Solution File, Format Version 12.00
# Visual Studio Version 17
VisualStudioVersion = 17.2.32519.379
MinimumVisualStudioVersion = 10.0.40219.1
Project("{FAE04EC0-301F-11D3-BF4B-00C04F79EFBC}") = "Arrays", "Arrays\Arrays.csproj", "{9E79F8C5-15A3-4D11-AA13-E218570A11CA}"
EndProject
Global
	GlobalSection(SolutionConfigurationPlatforms) = preSolution
		Debug|Any CPU = Debug|Any CPU
		Release|Any CPU = Release|Any CPU
	EndGlobalSection
	GlobalSection(ProjectConfigurationPlatforms) = postSolution
		{9E79F8C5-15A3-4D11-AA13-E218570A11CA}.Debug|Any CPU.ActiveCfg = Debug|Any CPU
		{9E79F8C5-15A3-4D11-AA13-E218570A11CA}.Debug|Any CPU.Build.0 = Debug|Any CPU
		{9E79F8C5-15A3-4D11-AA13-E218570A11CA}.Release|Any CPU.ActiveCfg = Release|Any CPU
		{9E79F8C5-15A3-4D11-AA13-E218570A11CA}.Release|Any CPU.Build.0 = Release|Any CPU
	EndGlobalSection
	GlobalSection(SolutionProperties) = preSolution
		HideSolutionNode = FALSE
	EndGlobalSection
	GlobalSection(ExtensibilityGlobals) = postSolution
		SolutionGuid = {83F228F7-31A2-4E5F-ABBF-04400E8E16A1}
	EndGlobalSection
EndGlobal
