
Microsoft Visual Studio Solution File, Format Version 12.00
# Visual Studio Version 17
VisualStudioVersion = 17.2.32519.379
MinimumVisualStudioVersion = 10.0.40219.1
Project("{FAE04EC0-301F-11D3-BF4B-00C04F79EFBC}") = "Segundo projeto", "Segundo projeto\Segundo projeto.csproj", "{6DAFD3C7-E020-4ECA-A081-5780EE33C73A}"
EndProject
Global
	GlobalSection(SolutionConfigurationPlatforms) = preSolution
		Debug|Any CPU = Debug|Any CPU
		Release|Any CPU = Release|Any CPU
	EndGlobalSection
	GlobalSection(ProjectConfigurationPlatforms) = postSolution
		{6DAFD3C7-E020-4ECA-A081-5780EE33C73A}.Debug|Any CPU.ActiveCfg = Debug|Any CPU
		{6DAFD3C7-E020-4ECA-A081-5780EE33C73A}.Debug|Any CPU.Build.0 = Debug|Any CPU
		{6DAFD3C7-E020-4ECA-A081-5780EE33C73A}.Release|Any CPU.ActiveCfg = Release|Any CPU
		{6DAFD3C7-E020-4ECA-A081-5780EE33C73A}.Release|Any CPU.Build.0 = Release|Any CPU
	EndGlobalSection
	GlobalSection(SolutionProperties) = preSolution
		HideSolutionNode = FALSE
	EndGlobalSection
	GlobalSection(ExtensibilityGlobals) = postSolution
		SolutionGuid = {C672FDAC-DA5C-4C25-A155-488B6CD0950C}
	EndGlobalSection
EndGlobal
