
Microsoft Visual Studio Solution File, Format Version 12.00
# Visual Studio Version 17
VisualStudioVersion = 17.2.32519.379
MinimumVisualStudioVersion = 10.0.40219.1
Project("{FAE04EC0-301F-11D3-BF4B-00C04F79EFBC}") = "Manipulacao de strings", "Manipulacao de strings\Manipulacao de strings.csproj", "{274567FB-C6FB-435C-A9C8-08574DAA6A39}"
EndProject
Global
	GlobalSection(SolutionConfigurationPlatforms) = preSolution
		Debug|Any CPU = Debug|Any CPU
		Release|Any CPU = Release|Any CPU
	EndGlobalSection
	GlobalSection(ProjectConfigurationPlatforms) = postSolution
		{274567FB-C6FB-435C-A9C8-08574DAA6A39}.Debug|Any CPU.ActiveCfg = Debug|Any CPU
		{274567FB-C6FB-435C-A9C8-08574DAA6A39}.Debug|Any CPU.Build.0 = Debug|Any CPU
		{274567FB-C6FB-435C-A9C8-08574DAA6A39}.Release|Any CPU.ActiveCfg = Release|Any CPU
		{274567FB-C6FB-435C-A9C8-08574DAA6A39}.Release|Any CPU.Build.0 = Release|Any CPU
	EndGlobalSection
	GlobalSection(SolutionProperties) = preSolution
		HideSolutionNode = FALSE
	EndGlobalSection
	GlobalSection(ExtensibilityGlobals) = postSolution
		SolutionGuid = {F0D6B85B-A6DA-491E-9804-90D02F967A49}
	EndGlobalSection
EndGlobal
