
Microsoft Visual Studio Solution File, Format Version 12.00
# Visual Studio Version 17
VisualStudioVersion = 17.2.32519.379
MinimumVisualStudioVersion = 10.0.40219.1
Project("{FAE04EC0-301F-11D3-BF4B-00C04F79EFBC}") = "Operadores matematicos avancados", "Operadores matematicos avancados\Operadores matematicos avancados.csproj", "{5DB692D1-2244-4B33-BB0B-E302C2F53588}"
EndProject
Global
	GlobalSection(SolutionConfigurationPlatforms) = preSolution
		Debug|Any CPU = Debug|Any CPU
		Release|Any CPU = Release|Any CPU
	EndGlobalSection
	GlobalSection(ProjectConfigurationPlatforms) = postSolution
		{5DB692D1-2244-4B33-BB0B-E302C2F53588}.Debug|Any CPU.ActiveCfg = Debug|Any CPU
		{5DB692D1-2244-4B33-BB0B-E302C2F53588}.Debug|Any CPU.Build.0 = Debug|Any CPU
		{5DB692D1-2244-4B33-BB0B-E302C2F53588}.Release|Any CPU.ActiveCfg = Release|Any CPU
		{5DB692D1-2244-4B33-BB0B-E302C2F53588}.Release|Any CPU.Build.0 = Release|Any CPU
	EndGlobalSection
	GlobalSection(SolutionProperties) = preSolution
		HideSolutionNode = FALSE
	EndGlobalSection
	GlobalSection(ExtensibilityGlobals) = postSolution
		SolutionGuid = {2EA9F7D5-F390-4C4C-879E-CA432455D93E}
	EndGlobalSection
EndGlobal
