
Microsoft Visual Studio Solution File, Format Version 12.00
# Visual Studio Version 17
VisualStudioVersion = 17.2.32519.379
MinimumVisualStudioVersion = 10.0.40219.1
Project("{FAE04EC0-301F-11D3-BF4B-00C04F79EFBC}") = "Enums", "Enums\Enums.csproj", "{D068647F-555D-4478-9E15-289FEF1CE190}"
EndProject
Global
	GlobalSection(SolutionConfigurationPlatforms) = preSolution
		Debug|Any CPU = Debug|Any CPU
		Release|Any CPU = Release|Any CPU
	EndGlobalSection
	GlobalSection(ProjectConfigurationPlatforms) = postSolution
		{D068647F-555D-4478-9E15-289FEF1CE190}.Debug|Any CPU.ActiveCfg = Debug|Any CPU
		{D068647F-555D-4478-9E15-289FEF1CE190}.Debug|Any CPU.Build.0 = Debug|Any CPU
		{D068647F-555D-4478-9E15-289FEF1CE190}.Release|Any CPU.ActiveCfg = Release|Any CPU
		{D068647F-555D-4478-9E15-289FEF1CE190}.Release|Any CPU.Build.0 = Release|Any CPU
	EndGlobalSection
	GlobalSection(SolutionProperties) = preSolution
		HideSolutionNode = FALSE
	EndGlobalSection
	GlobalSection(ExtensibilityGlobals) = postSolution
		SolutionGuid = {E26BCA6A-C8F9-4CEC-9851-D56836075727}
	EndGlobalSection
EndGlobal
