
Microsoft Visual Studio Solution File, Format Version 12.00
# Visual Studio Version 17
VisualStudioVersion = 17.2.32519.379
MinimumVisualStudioVersion = 10.0.40219.1
Project("{FAE04EC0-301F-11D3-BF4B-00C04F79EFBC}") = "Como forcar uma excecao", "Como forcar uma excecao\Como forcar uma excecao.csproj", "{AEAC9BD2-4BBD-4EFD-AACA-383C2A14F11D}"
EndProject
Global
	GlobalSection(SolutionConfigurationPlatforms) = preSolution
		Debug|Any CPU = Debug|Any CPU
		Release|Any CPU = Release|Any CPU
	EndGlobalSection
	GlobalSection(ProjectConfigurationPlatforms) = postSolution
		{AEAC9BD2-4BBD-4EFD-AACA-383C2A14F11D}.Debug|Any CPU.ActiveCfg = Debug|Any CPU
		{AEAC9BD2-4BBD-4EFD-AACA-383C2A14F11D}.Debug|Any CPU.Build.0 = Debug|Any CPU
		{AEAC9BD2-4BBD-4EFD-AACA-383C2A14F11D}.Release|Any CPU.ActiveCfg = Release|Any CPU
		{AEAC9BD2-4BBD-4EFD-AACA-383C2A14F11D}.Release|Any CPU.Build.0 = Release|Any CPU
	EndGlobalSection
	GlobalSection(SolutionProperties) = preSolution
		HideSolutionNode = FALSE
	EndGlobalSection
	GlobalSection(ExtensibilityGlobals) = postSolution
		SolutionGuid = {DB6BC781-59A7-4754-AF46-6782313D62D7}
	EndGlobalSection
EndGlobal
