
Microsoft Visual Studio Solution File, Format Version 12.00
# Visual Studio Version 17
VisualStudioVersion = 17.2.32519.379
MinimumVisualStudioVersion = 10.0.40219.1
Project("{FAE04EC0-301F-11D3-BF4B-00C04F79EFBC}") = "Operadores logicos entre variaveis booleanas", "Operadores logicos entre variaveis booleanas\Operadores logicos entre variaveis booleanas.csproj", "{99BC6571-F30C-4D05-87FB-673D16386F53}"
EndProject
Global
	GlobalSection(SolutionConfigurationPlatforms) = preSolution
		Debug|Any CPU = Debug|Any CPU
		Release|Any CPU = Release|Any CPU
	EndGlobalSection
	GlobalSection(ProjectConfigurationPlatforms) = postSolution
		{99BC6571-F30C-4D05-87FB-673D16386F53}.Debug|Any CPU.ActiveCfg = Debug|Any CPU
		{99BC6571-F30C-4D05-87FB-673D16386F53}.Debug|Any CPU.Build.0 = Debug|Any CPU
		{99BC6571-F30C-4D05-87FB-673D16386F53}.Release|Any CPU.ActiveCfg = Release|Any CPU
		{99BC6571-F30C-4D05-87FB-673D16386F53}.Release|Any CPU.Build.0 = Release|Any CPU
	EndGlobalSection
	GlobalSection(SolutionProperties) = preSolution
		HideSolutionNode = FALSE
	EndGlobalSection
	GlobalSection(ExtensibilityGlobals) = postSolution
		SolutionGuid = {069B7A54-85DF-4A62-B2F4-92596C271EE1}
	EndGlobalSection
EndGlobal
