
Microsoft Visual Studio Solution File, Format Version 12.00
# Visual Studio Version 17
VisualStudioVersion = 17.5.33502.453
MinimumVisualStudioVersion = 10.0.40219.1
Project("{9A19103F-16F7-4668-BE54-9A1E7A4F7556}") = "MetodoAbstrato", "MetodoAbstrato.csproj", "{BBA7C5E7-337F-4E40-B3AA-E3C9568782B1}"
EndProject
Global
	GlobalSection(SolutionConfigurationPlatforms) = preSolution
		Debug|Any CPU = Debug|Any CPU
		Release|Any CPU = Release|Any CPU
	EndGlobalSection
	GlobalSection(ProjectConfigurationPlatforms) = postSolution
		{BBA7C5E7-337F-4E40-B3AA-E3C9568782B1}.Debug|Any CPU.ActiveCfg = Debug|Any CPU
		{BBA7C5E7-337F-4E40-B3AA-E3C9568782B1}.Debug|Any CPU.Build.0 = Debug|Any CPU
		{BBA7C5E7-337F-4E40-B3AA-E3C9568782B1}.Release|Any CPU.ActiveCfg = Release|Any CPU
		{BBA7C5E7-337F-4E40-B3AA-E3C9568782B1}.Release|Any CPU.Build.0 = Release|Any CPU
	EndGlobalSection
	GlobalSection(SolutionProperties) = preSolution
		HideSolutionNode = FALSE
	EndGlobalSection
	GlobalSection(ExtensibilityGlobals) = postSolution
		SolutionGuid = {620441F9-7A5C-4BDF-894B-D19EA910C19B}
	EndGlobalSection
EndGlobal
