
Microsoft Visual Studio Solution File, Format Version 12.00
# Visual Studio Version 17
VisualStudioVersion = 17.2.32519.379
MinimumVisualStudioVersion = 10.0.40219.1
Project("{FAE04EC0-301F-11D3-BF4B-00C04F79EFBC}") = "Lacos de repeticao", "Lacos de repeticao\Lacos de repeticao.csproj", "{D75AC612-6913-4FC5-BA5E-6E7B07B11567}"
EndProject
Global
	GlobalSection(SolutionConfigurationPlatforms) = preSolution
		Debug|Any CPU = Debug|Any CPU
		Release|Any CPU = Release|Any CPU
	EndGlobalSection
	GlobalSection(ProjectConfigurationPlatforms) = postSolution
		{D75AC612-6913-4FC5-BA5E-6E7B07B11567}.Debug|Any CPU.ActiveCfg = Debug|Any CPU
		{D75AC612-6913-4FC5-BA5E-6E7B07B11567}.Debug|Any CPU.Build.0 = Debug|Any CPU
		{D75AC612-6913-4FC5-BA5E-6E7B07B11567}.Release|Any CPU.ActiveCfg = Release|Any CPU
		{D75AC612-6913-4FC5-BA5E-6E7B07B11567}.Release|Any CPU.Build.0 = Release|Any CPU
	EndGlobalSection
	GlobalSection(SolutionProperties) = preSolution
		HideSolutionNode = FALSE
	EndGlobalSection
	GlobalSection(ExtensibilityGlobals) = postSolution
		SolutionGuid = {256B1DA9-DB54-4150-8C07-60141E64FD03}
	EndGlobalSection
EndGlobal
