
Microsoft Visual Studio Solution File, Format Version 12.00
# Visual Studio Version 17
VisualStudioVersion = 17.2.32519.379
MinimumVisualStudioVersion = 10.0.40219.1
Project("{FAE04EC0-301F-11D3-BF4B-00C04F79EFBC}") = "Manipulacao de arquivos 2", "Manipulacao de arquivos 2\Manipulacao de arquivos 2.csproj", "{D063DC68-45C1-4347-9963-C656C96C8EC3}"
EndProject
Global
	GlobalSection(SolutionConfigurationPlatforms) = preSolution
		Debug|Any CPU = Debug|Any CPU
		Release|Any CPU = Release|Any CPU
	EndGlobalSection
	GlobalSection(ProjectConfigurationPlatforms) = postSolution
		{D063DC68-45C1-4347-9963-C656C96C8EC3}.Debug|Any CPU.ActiveCfg = Debug|Any CPU
		{D063DC68-45C1-4347-9963-C656C96C8EC3}.Debug|Any CPU.Build.0 = Debug|Any CPU
		{D063DC68-45C1-4347-9963-C656C96C8EC3}.Release|Any CPU.ActiveCfg = Release|Any CPU
		{D063DC68-45C1-4347-9963-C656C96C8EC3}.Release|Any CPU.Build.0 = Release|Any CPU
	EndGlobalSection
	GlobalSection(SolutionProperties) = preSolution
		HideSolutionNode = FALSE
	EndGlobalSection
	GlobalSection(ExtensibilityGlobals) = postSolution
		SolutionGuid = {49FB0F27-1703-4934-B2FF-56BA86A32C0E}
	EndGlobalSection
EndGlobal
