
Microsoft Visual Studio Solution File, Format Version 12.00
# Visual Studio Version 17
VisualStudioVersion = 17.2.32519.379
MinimumVisualStudioVersion = 10.0.40219.1
Project("{FAE04EC0-301F-11D3-BF4B-00C04F79EFBC}") = "Tratamento de excecao", "Tratamento de excecao\Tratamento de excecao.csproj", "{B6C8A1D6-4913-4781-B7CC-8AD4D2CAF1E3}"
EndProject
Global
	GlobalSection(SolutionConfigurationPlatforms) = preSolution
		Debug|Any CPU = Debug|Any CPU
		Release|Any CPU = Release|Any CPU
	EndGlobalSection
	GlobalSection(ProjectConfigurationPlatforms) = postSolution
		{B6C8A1D6-4913-4781-B7CC-8AD4D2CAF1E3}.Debug|Any CPU.ActiveCfg = Debug|Any CPU
		{B6C8A1D6-4913-4781-B7CC-8AD4D2CAF1E3}.Debug|Any CPU.Build.0 = Debug|Any CPU
		{B6C8A1D6-4913-4781-B7CC-8AD4D2CAF1E3}.Release|Any CPU.ActiveCfg = Release|Any CPU
		{B6C8A1D6-4913-4781-B7CC-8AD4D2CAF1E3}.Release|Any CPU.Build.0 = Release|Any CPU
	EndGlobalSection
	GlobalSection(SolutionProperties) = preSolution
		HideSolutionNode = FALSE
	EndGlobalSection
	GlobalSection(ExtensibilityGlobals) = postSolution
		SolutionGuid = {B453DC93-5E8C-4F13-875C-A22E3C631CCE}
	EndGlobalSection
EndGlobal
