
Microsoft Visual Studio Solution File, Format Version 12.00
# Visual Studio Version 17
VisualStudioVersion = 17.5.33502.453
MinimumVisualStudioVersion = 10.0.40219.1
Project("{9A19103F-16F7-4668-BE54-9A1E7A4F7556}") = "ExercicioPro2", "ExercicioPro2.csproj", "{1289F996-11A3-4F44-A8C8-E56DAE22553A}"
EndProject
Global
	GlobalSection(SolutionConfigurationPlatforms) = preSolution
		Debug|Any CPU = Debug|Any CPU
		Release|Any CPU = Release|Any CPU
	EndGlobalSection
	GlobalSection(ProjectConfigurationPlatforms) = postSolution
		{1289F996-11A3-4F44-A8C8-E56DAE22553A}.Debug|Any CPU.ActiveCfg = Debug|Any CPU
		{1289F996-11A3-4F44-A8C8-E56DAE22553A}.Debug|Any CPU.Build.0 = Debug|Any CPU
		{1289F996-11A3-4F44-A8C8-E56DAE22553A}.Release|Any CPU.ActiveCfg = Release|Any CPU
		{1289F996-11A3-4F44-A8C8-E56DAE22553A}.Release|Any CPU.Build.0 = Release|Any CPU
	EndGlobalSection
	GlobalSection(SolutionProperties) = preSolution
		HideSolutionNode = FALSE
	EndGlobalSection
	GlobalSection(ExtensibilityGlobals) = postSolution
		SolutionGuid = {2F16EFD4-FC13-478B-85B1-BC6002632CC3}
	EndGlobalSection
EndGlobal
