
Microsoft Visual Studio Solution File, Format Version 12.00
# Visual Studio Version 17
VisualStudioVersion = 17.2.32519.379
MinimumVisualStudioVersion = 10.0.40219.1
Project("{FAE04EC0-301F-11D3-BF4B-00C04F79EFBC}") = "Interfaces", "Interfaces\Interfaces.csproj", "{EDDC3957-29AD-422F-802E-5AD431E5DDA9}"
EndProject
Global
	GlobalSection(SolutionConfigurationPlatforms) = preSolution
		Debug|Any CPU = Debug|Any CPU
		Release|Any CPU = Release|Any CPU
	EndGlobalSection
	GlobalSection(ProjectConfigurationPlatforms) = postSolution
		{EDDC3957-29AD-422F-802E-5AD431E5DDA9}.Debug|Any CPU.ActiveCfg = Debug|Any CPU
		{EDDC3957-29AD-422F-802E-5AD431E5DDA9}.Debug|Any CPU.Build.0 = Debug|Any CPU
		{EDDC3957-29AD-422F-802E-5AD431E5DDA9}.Release|Any CPU.ActiveCfg = Release|Any CPU
		{EDDC3957-29AD-422F-802E-5AD431E5DDA9}.Release|Any CPU.Build.0 = Release|Any CPU
	EndGlobalSection
	GlobalSection(SolutionProperties) = preSolution
		HideSolutionNode = FALSE
	EndGlobalSection
	GlobalSection(ExtensibilityGlobals) = postSolution
		SolutionGuid = {6BE4A049-3B7B-47CA-9EA3-8C3B4C0F161B}
	EndGlobalSection
EndGlobal
