
Microsoft Visual Studio Solution File, Format Version 12.00
# Visual Studio Version 17
VisualStudioVersion = 17.2.32519.379
MinimumVisualStudioVersion = 10.0.40219.1
Project("{FAE04EC0-301F-11D3-BF4B-00C04F79EFBC}") = "Terceiro projeto", "Terceiro projeto\Terceiro projeto.csproj", "{A31116AB-77D9-471E-8965-AD5A43E3F4C8}"
EndProject
Global
	GlobalSection(SolutionConfigurationPlatforms) = preSolution
		Debug|Any CPU = Debug|Any CPU
		Release|Any CPU = Release|Any CPU
	EndGlobalSection
	GlobalSection(ProjectConfigurationPlatforms) = postSolution
		{A31116AB-77D9-471E-8965-AD5A43E3F4C8}.Debug|Any CPU.ActiveCfg = Debug|Any CPU
		{A31116AB-77D9-471E-8965-AD5A43E3F4C8}.Debug|Any CPU.Build.0 = Debug|Any CPU
		{A31116AB-77D9-471E-8965-AD5A43E3F4C8}.Release|Any CPU.ActiveCfg = Release|Any CPU
		{A31116AB-77D9-471E-8965-AD5A43E3F4C8}.Release|Any CPU.Build.0 = Release|Any CPU
	EndGlobalSection
	GlobalSection(SolutionProperties) = preSolution
		HideSolutionNode = FALSE
	EndGlobalSection
	GlobalSection(ExtensibilityGlobals) = postSolution
		SolutionGuid = {90C57B58-78E1-443E-9D0A-DB2C81678089}
	EndGlobalSection
EndGlobal
